<?xml version="1.0" encoding="UTF-8"?>
<Scheme
   LastUpgradeVersion = "2640"
   version = "1.7">
   <BuildAction
      parallelizeBuildables = "YES"
      buildImplicitDependencies = "YES"
      buildArchitectures = "Automatic">
      <BuildActionEntries>
         <BuildActionEntry
            buildForTesting = "YES"
            buildForRunning = "YES"
            buildForProfiling = "YES"
            buildForArchiving = "YES"
            buildForAnalyzing = "YES">
            <BuildableReference
               BuildableIdentifier = "primary"
               BlueprintIdentifier = "B6660FAB2F66060A009CF308"
               BuildableName = "UDF Do&#x308;nu&#x308;s&#x327;tu&#x308;ru&#x308;cu&#x308;.app"
               BlueprintName = "UDF Do&#x308;nu&#x308;s&#x327;tu&#x308;ru&#x308;cu&#x308;"
               ReferencedContainer = "container:UDF Do&#x308;nu&#x308;s&#x327;tu&#x308;ru&#x308;cu&#x308;.xcodeproj">
            </BuildableReference>
         </BuildActionEntry>
      </BuildActionEntries>
   </BuildAction>
   <TestAction
      buildConfiguration = "Debug"
      selectedDebuggerIdentifier = "Xcode.DebuggerFoundation.Debugger.LLDB"
      selectedLauncherIdentifier = "Xcode.DebuggerFoundation.Launcher.LLDB"
      shouldUseLaunchSchemeArgsEnv = "YES"
      shouldAutocreateTestPlan = "YES">
   </TestAction>
   <LaunchAction
      buildConfiguration = "Debug"
      selectedDebuggerIdentifier = "Xcode.DebuggerFoundation.Debugger.LLDB"
      selectedLauncherIdentifier = "Xcode.DebuggerFoundation.Launcher.LLDB"
      launchStyle = "0"
      useCustomWorkingDirectory = "NO"
      ignoresPersistentStateOnLaunch = "NO"
      debugDocumentVersioning = "YES"
      debugServiceExtension = "internal"
      allowLocationSimulation = "YES"
      queueDebuggingEnableBacktraceRecording = "Yes">
      <BuildableProductRunnable
         runnableDebuggingMode = "0">
         <BuildableReference
            BuildableIdentifier = "primary"
            BlueprintIdentifier = "B6660FAB2F66060A009CF308"
            BuildableName = "UDF Do&#x308;nu&#x308;s&#x327;tu&#x308;ru&#x308;cu&#x308;.app"
            BlueprintName = "UDF Do&#x308;nu&#x308;s&#x327;tu&#x308;ru&#x308;cu&#x308;"
            ReferencedContainer = "container:UDF Do&#x308;nu&#x308;s&#x327;tu&#x308;ru&#x308;cu&#x308;.xcodeproj">
         </BuildableReference>
      </BuildableProductRunnable>
      <StoreKitConfigurationFileReference
         identifier = "../../UDF Do&#x308;nu&#x308;s&#x327;tu&#x308;ru&#x308;cu&#x308;/Products.storekit">
      </StoreKitConfigurationFileReference>
   </LaunchAction>
   <ProfileAction
      buildConfiguration = "Release"
      shouldUseLaunchSchemeArgsEnv = "YES"
      savedToolIdentifier = ""
      useCustomWorkingDirectory = "NO"
      debugDocumentVersioning = "YES">
      <BuildableProductRunnable
         runnableDebuggingMode = "0">
         <BuildableReference
            BuildableIdentifier = "primary"
            BlueprintIdentifier = "B6660FAB2F66060A009CF308"
            BuildableName = "UDF Do&#x308;nu&#x308;s&#x327;tu&#x308;ru&#x308;cu&#x308;.app"
            BlueprintName = "UDF Do&#x308;nu&#x308;s&#x327;tu&#x308;ru&#x308;cu&#x308;"
            ReferencedContainer = "container:UDF Do&#x308;nu&#x308;s&#x327;tu&#x308;ru&#x308;cu&#x308;.xcodeproj">
         </BuildableReference>
      </BuildableProductRunnable>
   </ProfileAction>
   <AnalyzeAction
      buildConfiguration = "Debug">
   </AnalyzeAction>
   <ArchiveAction
      buildConfiguration = "Release"
      customArchiveName = "UDF D&#xf6;n&#xfc;&#x15f;t&#xfc;r&#xfc;c&#xfc;"
      revealArchiveInOrganizer = "NO">
   </ArchiveAction>
</Scheme>
